
Microsoft Visual Studio Solution File, Format Version 12.00
# Visual Studio Version 17
VisualStudioVersion = 17.7.34031.279
MinimumVisualStudioVersion = 10.0.40219.1
Project("{FAE04EC0-301F-11D3-BF4B-00C04F79EFBC}") = "EgzaminTrue", "EgzaminTrue.csproj", "{ECD2FA13-EA98-4495-97A8-1BCA98AEB362}"
EndProject
Global
	GlobalSection(SolutionConfigurationPlatforms) = preSolution
		Debug|Any CPU = Debug|Any CPU
		Release|Any CPU = Release|Any CPU
	EndGlobalSection
	GlobalSection(ProjectConfigurationPlatforms) = postSolution
		{ECD2FA13-EA98-4495-97A8-1BCA98AEB362}.Debug|Any CPU.ActiveCfg = Debug|Any CPU
		{ECD2FA13-EA98-4495-97A8-1BCA98AEB362}.Debug|Any CPU.Build.0 = Debug|Any CPU
		{ECD2FA13-EA98-4495-97A8-1BCA98AEB362}.Release|Any CPU.ActiveCfg = Release|Any CPU
		{ECD2FA13-EA98-4495-97A8-1BCA98AEB362}.Release|Any CPU.Build.0 = Release|Any CPU
	EndGlobalSection
	GlobalSection(SolutionProperties) = preSolution
		HideSolutionNode = FALSE
	EndGlobalSection
	GlobalSection(ExtensibilityGlobals) = postSolution
		SolutionGuid = {CF4AF98D-AF1B-45E3-B90C-054CB13273EE}
	EndGlobalSection
EndGlobal
